PODS:
  - Alamofire (4.6.0)
  - MBProgressHUD (1.1.0)
  - RxCocoa (4.1.1):
    - RxSwift (~> 4.0)
  - RxSwift (4.1.1)
  - SnapKit (4.0.0)
  - SVPullToRefresh (0.4.1)
  - SwiftyJSON (4.0.0)

DEPENDENCIES:
  - Alamofire
  - MBProgressHUD
  - RxCocoa (~> 4.0)
  - RxSwift (~> 4.0)
  - SnapKit
  - SVPullToRefresh
  - SwiftyJSON

SPEC CHECKSUMS:
  Alamofire: f41a599bd63041760b26d393ec1069d9d7b917f4
  MBProgressHUD: e7baa36a220447d8aeb12769bf0585582f3866d9
  RxCocoa: fd0862fd2df95fa55562ad28ffd2522c25eb4a85
  RxSwift: c6e3b1c7b325c7d121cd4327e9d98b7ed746b570
  SnapKit: a42d492c16e80209130a3379f73596c3454b7694
  SVPullToRefresh: ba2e718695a43253d8bea6852d2960097dc15d8c
  SwiftyJSON: 070dabdcb1beb81b247c65ffa3a79dbbfb3b48aa

PODFILE CHECKSUM: dd2004fd3e23c822de14ba35bcdd30c428947197

COCOAPODS: 1.4.0
